
Microsoft Visual Studio Solution File, Format Version 12.00
# Visual Studio 15
VisualStudioVersion = 15.0.27130.2027
MinimumVisualStudioVersion = 10.0.40219.1
Project("{2150E333-8FDC-42A3-9474-1A3956D46DE8}") = "Solution Items", "Solution Items", "{7EBF48A1-8AC1-4E84-BDCC-E0984183D098}"
	ProjectSection(SolutionItems) = preProject
		AuthorizeNET.vsmdi = AuthorizeNET.vsmdi
	EndProjectSection
EndProject
Project("{9A19103F-16F7-4668-BE54-9A1E7A4F7556}") = "AuthorizeNETCore", "Authorize.NET\AuthorizeNETCore.csproj", "{0275B07B-F50D-40B4-9AD7-F382C289015B}"
EndProject
Global
	GlobalSection(SolutionConfigurationPlatforms) = preSolution
		Debug|Any CPU = Debug|Any CPU
		Release|Any CPU = Release|Any CPU
		USELOCAL|Any CPU = USELOCAL|Any CPU
	EndGlobalSection
	GlobalSection(ProjectConfigurationPlatforms) = postSolution
		{0275B07B-F50D-40B4-9AD7-F382C289015B}.Debug|Any CPU.ActiveCfg = Debug|Any CPU
		{0275B07B-F50D-40B4-9AD7-F382C289015B}.Debug|Any CPU.Build.0 = Debug|Any CPU
		{0275B07B-F50D-40B4-9AD7-F382C289015B}.Release|Any CPU.ActiveCfg = Release|Any CPU
		{0275B07B-F50D-40B4-9AD7-F382C289015B}.Release|Any CPU.Build.0 = Release|Any CPU
		{0275B07B-F50D-40B4-9AD7-F382C289015B}.USELOCAL|Any CPU.ActiveCfg = Debug|Any CPU
		{0275B07B-F50D-40B4-9AD7-F382C289015B}.USELOCAL|Any CPU.Build.0 = Debug|Any CPU
	EndGlobalSection
	GlobalSection(SolutionProperties) = preSolution
		HideSolutionNode = FALSE
	EndGlobalSection
	GlobalSection(ExtensibilityGlobals) = postSolution
		SolutionGuid = {A56F0DF4-2E20-4E99-96A9-B7863852ACBF}
	EndGlobalSection
	GlobalSection(TestCaseManagementSettings) = postSolution
		CategoryFile = AuthorizeNET.vsmdi
	EndGlobalSection
EndGlobal
